dependencies:
- name: common
  repository: oci://registry-1.docker.io/bitnamicharts
  version: 2.30.0
- name: postgresql
  repository: oci://registry-1.docker.io/bitnamicharts
  version: 16.6.2
- name: redis
  repository: oci://registry-1.docker.io/bitnamicharts
  version: 20.11.4
digest: sha256:2260230495cb89d474a51700907cd76b200d4cb62b6e7267d90e4a8a75a2ff25
generated: "2025-04-09T07:23:31.828379+01:00"
