dependencies:
- name: ollama
  repository: https://otwld.github.io/ollama-helm/
  version: 1.14.0
- name: pipelines
  repository: https://helm.openwebui.com
  version: 0.5.0
- name: tika
  repository: https://apache.jfrog.io/artifactory/tika
  version: 2.9.0
- name: redis
  repository: oci://registry-1.docker.io/bitnamicharts
  version: 20.11.5
digest: sha256:d8fc0a958710042f870bc4428d269186cce95cf935705136f36b7e22ae252714
generated: "2025-04-11T09:46:44.946451+01:00"
