dependencies:
- name: open-webui
  repository: https://helm.openwebui.com
  version: 8.10.0
- name: common
  repository: https://charts.bitnami.com/bitnami
  version: 2.31.4
- name: tika
  repository: https://apache.jfrog.io/artifactory/tika
  version: 3.2.2
- name: chromadb
  repository: https://amikos-tech.github.io/chromadb-chart/
  version: 0.1.24
digest: sha256:addac6f5fef4748b9ac7a5bd17b7fdfea8089075f567a532524687977224a266
generated: "2025-10-08T16:01:01.554325+02:00"
