dependencies:
- name: open-webui
  repository: https://helm.openwebui.com
  version: 7.1.0
- name: common
  repository: https://charts.bitnami.com/bitnami
  version: 2.31.3
- name: tika
  repository: https://apache.jfrog.io/artifactory/tika
  version: 2.9.0
- name: chromadb
  repository: https://amikos-tech.github.io/chromadb-chart/
  version: 0.1.24
digest: sha256:94e5b5efd11debc3d6dfdd0ca273cee3cdfb740dab192957f08360ae406a68f7
generated: "2025-08-08T04:34:31.493073+02:00"
